{
    "version": 3,
    "terraform_version": "0.9.11",
    "serial": 3,
    "lineage": "fd529c8d-2bae-484d-a3ce-682a8bcea1dd",
    "modules": [
        {
            "path": [
                "root"
            ],
            "outputs": {},
            "resources": {
                "aws_instance.example": {
                    "type": "aws_instance",
                    "depends_on": [
                        "aws_key_pair.mykey"
                    ],
                    "primary": {
                        "id": "i-0ff393594ff2de88d",
                        "attributes": {
                            "ami": "ami-9e2f0988",
                            "associate_public_ip_address": "true",
                            "availability_zone": "us-east-1b",
                            "disable_api_termination": "false",
                            "ebs_block_device.#": "0",
                            "ebs_optimized": "false",
                            "ephemeral_block_device.#": "0",
                            "iam_instance_profile": "",
                            "id": "i-0ff393594ff2de88d",
                            "instance_state": "running",
                            "instance_type": "t2.micro",
                            "ipv6_addresses.#": "0",
                            "key_name": "mykey.pub",
                            "monitoring": "false",
                            "network_interface.#": "0",
                            "network_interface_id": "eni-35b249e7",
                            "primary_network_interface_id": "eni-35b249e7",
                            "private_dns": "ip-172-31-25-145.ec2.internal",
                            "private_ip": "172.31.25.145",
                            "public_dns": "ec2-54-86-129-34.compute-1.amazonaws.com",
                            "public_ip": "54.86.129.34",
                            "root_block_device.#": "1",
                            "root_block_device.0.delete_on_termination": "true",
                            "root_block_device.0.iops": "100",
                            "root_block_device.0.volume_size": "10",
                            "root_block_device.0.volume_type": "gp2",
                            "security_groups.#": "0",
                            "source_dest_check": "true",
                            "subnet_id": "subnet-98821ed0",
                            "tags.%": "0",
                            "tenancy": "default",
                            "volume_tags.%": "0",
                            "vpc_security_group_ids.#": "1",
                            "vpc_security_group_ids.1121421409": "sg-69170517"
                        },
                        "meta": {
                            "e2bfb730-ecaa-11e6-8f88-34363bc7c4c0": {
                                "create": 600000000000,
                                "delete": 600000000000,
                                "update": 600000000000
                            },
                            "schema_version": "1"
                        },
                        "tainted": true
                    },
                    "deposed": [],
                    "provider": ""
                },
                "aws_key_pair.mykey": {
                    "type": "aws_key_pair",
                    "depends_on": [],
                    "primary": {
                        "id": "mykey.pub",
                        "attributes": {
                            "fingerprint": "af:a1:b4:1c:62:fa:68:8b:05:d8:c1:98:9d:18:76:84",
                            "id": "mykey.pub",
                            "key_name": "mykey.pub",
                            "public_key": "ssh-rsa AAAAB3NzaC1yc2EAAAADAQABAAABAQCnVFp0VX6QI3RDN5+HuedP11MRJvHvjGmnril4Ve0ilcL9+V/70T96X8mDpkasbbwoRH/t4r5wKGq9JTlxTSvLcpuq0OuNg4SRRRGKdI0yt+YKu5uhxf3f9p6VjPS9htmy+rGl9BGAFeSQYi3sLDCiXKPkJGtFy6iQCSU7AGCuEWeHCosXR+IWg9/l7qsTnA/hYkGdDe5AIuU5OpcHEyDveHTyQZ4nrBaMq2kNeCOx37FrpgQqILZpoNYx3DDQf8wp3Y2V85mYh7SNNK4CtNiZhOQZnKrBSXegtMLqBrzItIe778G/h+oQdRKz5QdCeWw69Xrm9H0mVX8zkm/RpH91 ec2-user@ip-172-31-21-242.ec2.internal"
                        },
                        "meta": {
                            "schema_version": "1"
                        },
                        "tainted": false
                    },
                    "deposed": [],
                    "provider": ""
                }
            },
            "depends_on": []
        }
    ]
}
